// !$*UTF8*$!
{
	archiveVersion = 1;
	classes = {
	};
	objectVersion = 56;
	objects = {

/* Begin PBXBuildFile section */
		C373EF2928BD248A006472B0 /* ConversionListView.swift in Sources */ = {isa = PBXBuildFile; fileRef = C373EF2828BD248A006472B0 /* ConversionListView.swift */; };
		C373EF2C28BD2A77006472B0 /* Extensions.swift in Sources */ = {isa = PBXBuildFile; fileRef = C373EF2B28BD2A77006472B0 /* Extensions.swift */; };
		C3A72D4D28BBE22E00E2C368 /* CurrencyConversionApp.swift in Sources */ = {isa = PBXBuildFile; fileRef = C3A72D4C28BBE22E00E2C368 /* CurrencyConversionApp.swift */; };
		C3A72D4F28BBE22E00E2C368 /* ContentView.swift in Sources */ = {isa = PBXBuildFile; fileRef = C3A72D4E28BBE22E00E2C368 /* ContentView.swift */; };
		C3A72D5128BBE23100E2C368 /* Assets.xcassets in Resources */ = {isa = PBXBuildFile; fileRef = C3A72D5028BBE23100E2C368 /* Assets.xcassets */; };
		C3A72D5428BBE23100E2C368 /* Preview Assets.xcassets in Resources */ = {isa = PBXBuildFile; fileRef = C3A72D5328BBE23100E2C368 /* Preview Assets.xcassets */; };
		C3A72D5F28BBE64900E2C368 /* Currency.swift in Sources */ = {isa = PBXBuildFile; fileRef = C3A72D5E28BBE64900E2C368 /* Currency.swift */; };
		C3A72D6128BBE67500E2C368 /* CurencyDataService.swift in Sources */ = {isa = PBXBuildFile; fileRef = C3A72D6028BBE67500E2C368 /* CurencyDataService.swift */; };
		C3A72D6328BBE72100E2C368 /* CurrencyViewModel.swift in Sources */ = {isa = PBXBuildFile; fileRef = C3A72D6228BBE72100E2C368 /* CurrencyViewModel.swift */; };
		C3A72D6528BC0A0200E2C368 /* Conversion.swift in Sources */ = {isa = PBXBuildFile; fileRef = C3A72D6428BC0A0200E2C368 /* Conversion.swift */; };
		C3A72D6728BC0A8800E2C368 /* ConversionRates.swift in Sources */ = {isa = PBXBuildFile; fileRef = C3A72D6628BC0A8800E2C368 /* ConversionRates.swift */; };
		C3A72D6928BC409900E2C368 /* CurrencySearchView.swift in Sources */ = {isa = PBXBuildFile; fileRef = C3A72D6828BC409800E2C368 /* CurrencySearchView.swift */; };
/* End PBXBuildFile section */

/* Begin PBXFileReference section */
		C373EF2828BD248A006472B0 /* ConversionListView.swift */ = {isa = PBXFileReference; lastKnownFileType = sourcecode.swift; path = ConversionListView.swift; sourceTree = "<group>"; };
		C373EF2B28BD2A77006472B0 /* Extensions.swift */ = {isa = PBXFileReference; lastKnownFileType = sourcecode.swift; path = Extensions.swift; sourceTree = "<group>"; };
		C3A72D4928BBE22D00E2C368 /* CurrencyConversion.app */ = {isa = PBXFileReference; explicitFileType = wrapper.application; includeInIndex = 0; path = CurrencyConversion.app; sourceTree = BUILT_PRODUCTS_DIR; };
		C3A72D4C28BBE22E00E2C368 /* CurrencyConversionApp.swift */ = {isa = PBXFileReference; lastKnownFileType = sourcecode.swift; path = CurrencyConversionApp.swift; sourceTree = "<group>"; };
		C3A72D4E28BBE22E00E2C368 /* ContentView.swift */ = {isa = PBXFileReference; lastKnownFileType = sourcecode.swift; path = ContentView.swift; sourceTree = "<group>"; };
		C3A72D5028BBE23100E2C368 /* Assets.xcassets */ = {isa = PBXFileReference; lastKnownFileType = folder.assetcatalog; path = Assets.xcassets; sourceTree = "<group>"; };
		C3A72D5328BBE23100E2C368 /* Preview Assets.xcassets */ = {isa = PBXFileReference; lastKnownFileType = folder.assetcatalog; path = "Preview Assets.xcassets"; sourceTree = "<group>"; };
		C3A72D5E28BBE64900E2C368 /* Currency.swift */ = {isa = PBXFileReference; lastKnownFileType = sourcecode.swift; path = Currency.swift; sourceTree = "<group>"; };
		C3A72D6028BBE67500E2C368 /* CurencyDataService.swift */ = {isa = PBXFileReference; lastKnownFileType = sourcecode.swift; path = CurencyDataService.swift; sourceTree = "<group>"; };
		C3A72D6228BBE72100E2C368 /* CurrencyViewModel.swift */ = {isa = PBXFileReference; lastKnownFileType = sourcecode.swift; path = CurrencyViewModel.swift; sourceTree = "<group>"; };
		C3A72D6428BC0A0200E2C368 /* Conversion.swift */ = {isa = PBXFileReference; lastKnownFileType = sourcecode.swift; path = Conversion.swift; sourceTree = "<group>"; };
		C3A72D6628BC0A8800E2C368 /* ConversionRates.swift */ = {isa = PBXFileReference; lastKnownFileType = sourcecode.swift; path = ConversionRates.swift; sourceTree = "<group>"; };
		C3A72D6828BC409800E2C368 /* CurrencySearchView.swift */ = {isa = PBXFileReference; lastKnownFileType = sourcecode.swift; path = CurrencySearchView.swift; sourceTree = "<group>"; };
/* End PBXFileReference section */

/* Begin PBXFrameworksBuildPhase section */
		C3A72D4628BBE22D00E2C368 /* Frameworks */ = {
			isa = PBXFrameworksBuildPhase;
			buildActionMask = 2147483647;
			files = (
			);
			runOnlyForDeploymentPostprocessing = 0;
		};
/* End PBXFrameworksBuildPhase section */

/* Begin PBXGroup section */
		C373EF2A28BD2A3C006472B0 /* Extensions */ = {
			isa = PBXGroup;
			children = (
				C373EF2B28BD2A77006472B0 /* Extensions.swift */,
			);
			path = Extensions;
			sourceTree = "<group>";
		};
		C3A72D4028BBE22D00E2C368 = {
			isa = PBXGroup;
			children = (
				C3A72D4B28BBE22D00E2C368 /* CurrencyConversion */,
				C3A72D4A28BBE22D00E2C368 /* Products */,
			);
			sourceTree = "<group>";
		};
		C3A72D4A28BBE22D00E2C368 /* Products */ = {
			isa = PBXGroup;
			children = (
				C3A72D4928BBE22D00E2C368 /* CurrencyConversion.app */,
			);
			name = Products;
			sourceTree = "<group>";
		};
		C3A72D4B28BBE22D00E2C368 /* CurrencyConversion */ = {
			isa = PBXGroup;
			children = (
				C373EF2A28BD2A3C006472B0 /* Extensions */,
				C3A72D5D28BBE63300E2C368 /* ViewModels */,
				C3A72D5C28BBE61A00E2C368 /* DataServices */,
				C3A72D5B28BBE29600E2C368 /* DataObejcts */,
				C3A72D5A28BBE28100E2C368 /* Views */,
				C3A72D4C28BBE22E00E2C368 /* CurrencyConversionApp.swift */,
				C3A72D4E28BBE22E00E2C368 /* ContentView.swift */,
				C3A72D5028BBE23100E2C368 /* Assets.xcassets */,
				C3A72D5228BBE23100E2C368 /* Preview Content */,
			);
			path = CurrencyConversion;
			sourceTree = "<group>";
		};
		C3A72D5228BBE23100E2C368 /* Preview Content */ = {
			isa = PBXGroup;
			children = (
				C3A72D5328BBE23100E2C368 /* Preview Assets.xcassets */,
			);
			path = "Preview Content";
			sourceTree = "<group>";
		};
		C3A72D5A28BBE28100E2C368 /* Views */ = {
			isa = PBXGroup;
			children = (
				C3A72D6828BC409800E2C368 /* CurrencySearchView.swift */,
				C373EF2828BD248A006472B0 /* ConversionListView.swift */,
			);
			path = Views;
			sourceTree = "<group>";
		};
		C3A72D5B28BBE29600E2C368 /* DataObejcts */ = {
			isa = PBXGroup;
			children = (
				C3A72D5E28BBE64900E2C368 /* Currency.swift */,
				C3A72D6428BC0A0200E2C368 /* Conversion.swift */,
			);
			path = DataObejcts;
			sourceTree = "<group>";
		};
		C3A72D5C28BBE61A00E2C368 /* DataServices */ = {
			isa = PBXGroup;
			children = (
				C3A72D6028BBE67500E2C368 /* CurencyDataService.swift */,
				C3A72D6628BC0A8800E2C368 /* ConversionRates.swift */,
			);
			path = DataServices;
			sourceTree = "<group>";
		};
		C3A72D5D28BBE63300E2C368 /* ViewModels */ = {
			isa = PBXGroup;
			children = (
				C3A72D6228BBE72100E2C368 /* CurrencyViewModel.swift */,
			);
			path = ViewModels;
			sourceTree = "<group>";
		};
/* End PBXGroup section */

/* Begin PBXNativeTarget section */
		C3A72D4828BBE22D00E2C368 /* CurrencyConversion */ = {
			isa = PBXNativeTarget;
			buildConfigurationList = C3A72D5728BBE23100E2C368 /* Build configuration list for PBXNativeTarget "CurrencyConversion" */;
			buildPhases = (
				C3A72D4528BBE22D00E2C368 /* Sources */,
				C3A72D4628BBE22D00E2C368 /* Frameworks */,
				C3A72D4728BBE22D00E2C368 /* Resources */,
			);
			buildRules = (
			);
			dependencies = (
			);
			name = CurrencyConversion;
			productName = CurrencyConversion;
			productReference = C3A72D4928BBE22D00E2C368 /* CurrencyConversion.app */;
			productType = "com.apple.product-type.application";
		};
/* End PBXNativeTarget section */

/* Begin PBXProject section */
		C3A72D4128BBE22D00E2C368 /* Project object */ = {
			isa = PBXProject;
			attributes = {
				BuildIndependentTargetsInParallel = 1;
				LastSwiftUpdateCheck = 1400;
				LastUpgradeCheck = 1400;
				TargetAttributes = {
					C3A72D4828BBE22D00E2C368 = {
						CreatedOnToolsVersion = 14.0;
					};
				};
			};
			buildConfigurationList = C3A72D4428BBE22D00E2C368 /* Build configuration list for PBXProject "CurrencyConversion" */;
			compatibilityVersion = "Xcode 14.0";
			developmentRegion = en;
			hasScannedForEncodings = 0;
			knownRegions = (
				en,
				Base,
			);
			mainGroup = C3A72D4028BBE22D00E2C368;
			productRefGroup = C3A72D4A28BBE22D00E2C368 /* Products */;
			projectDirPath = "";
			projectRoot = "";
			targets = (
				C3A72D4828BBE22D00E2C368 /* CurrencyConversion */,
			);
		};
/* End PBXProject section */

/* Begin PBXResourcesBuildPhase section */
		C3A72D4728BBE22D00E2C368 /* Resources */ = {
			isa = PBXResourcesBuildPhase;
			buildActionMask = 2147483647;
			files = (
				C3A72D5428BBE23100E2C368 /* Preview Assets.xcassets in Resources */,
				C3A72D5128BBE23100E2C368 /* Assets.xcassets in Resources */,
			);
			runOnlyForDeploymentPostprocessing = 0;
		};
/* End PBXResourcesBuildPhase section */

/* Begin PBXSourcesBuildPhase section */
		C3A72D4528BBE22D00E2C368 /* Sources */ = {
			isa = PBXSourcesBuildPhase;
			buildActionMask = 2147483647;
			files = (
				C373EF2928BD248A006472B0 /* ConversionListView.swift in Sources */,
				C3A72D5F28BBE64900E2C368 /* Currency.swift in Sources */,
				C3A72D6328BBE72100E2C368 /* CurrencyViewModel.swift in Sources */,
				C3A72D4F28BBE22E00E2C368 /* ContentView.swift in Sources */,
				C3A72D6528BC0A0200E2C368 /* Conversion.swift in Sources */,
				C373EF2C28BD2A77006472B0 /* Extensions.swift in Sources */,
				C3A72D4D28BBE22E00E2C368 /* CurrencyConversionApp.swift in Sources */,
				C3A72D6728BC0A8800E2C368 /* ConversionRates.swift in Sources */,
				C3A72D6128BBE67500E2C368 /* CurencyDataService.swift in Sources */,
				C3A72D6928BC409900E2C368 /* CurrencySearchView.swift in Sources */,
			);
			runOnlyForDeploymentPostprocessing = 0;
		};
/* End PBXSourcesBuildPhase section */

/* Begin XCBuildConfiguration section */
		C3A72D5528BBE23100E2C368 /* Debug */ = {
			isa = XCBuildConfiguration;
			buildSettings = {
				ALWAYS_SEARCH_USER_PATHS = NO;
				CLANG_ANALYZER_NONNULL = YES;
				CLANG_ANALYZER_NUMBER_OBJECT_CONVERSION = YES_AGGRESSIVE;
				CLANG_CXX_LANGUAGE_STANDARD = "gnu++20";
				CLANG_ENABLE_MODULES = YES;
				CLANG_ENABLE_OBJC_ARC = YES;
				CLANG_ENABLE_OBJC_WEAK = YES;
				CLANG_WARN_BLOCK_CAPTURE_AUTORELEASING = YES;
				CLANG_WARN_BOOL_CONVERSION = YES;
				CLANG_WARN_COMMA = YES;
				CLANG_WARN_CONSTANT_CONVERSION = YES;
				CLANG_WARN_DEPRECATED_OBJC_IMPLEMENTATIONS = YES;
				CLANG_WARN_DIRECT_OBJC_ISA_USAGE = YES_ERROR;
				CLANG_WARN_DOCUMENTATION_COMMENTS = YES;
				CLANG_WARN_EMPTY_BODY = YES;
				CLANG_WARN_ENUM_CONVERSION = YES;
				CLANG_WARN_INFINITE_RECURSION = YES;
				CLANG_WARN_INT_CONVERSION = YES;
				CLANG_WARN_NON_LITERAL_NULL_CONVERSION = YES;
				CLANG_WARN_OBJC_IMPLICIT_RETAIN_SELF = YES;
				CLANG_WARN_OBJC_LITERAL_CONVERSION = YES;
				CLANG_WARN_OBJC_ROOT_CLASS = YES_ERROR;
				CLANG_WARN_QUOTED_INCLUDE_IN_FRAMEWORK_HEADER = YES;
				CLANG_WARN_RANGE_LOOP_ANALYSIS = YES;
				CLANG_WARN_STRICT_PROTOTYPES = YES;
				CLANG_WARN_SUSPICIOUS_MOVE = YES;
				CLANG_WARN_UNGUARDED_AVAILABILITY = YES_AGGRESSIVE;
				CLANG_WARN_UNREACHABLE_CODE = YES;
				CLANG_WARN__DUPLICATE_METHOD_MATCH = YES;
				COPY_PHASE_STRIP = NO;
				DEBUG_INFORMATION_FORMAT = dwarf;
				ENABLE_STRICT_OBJC_MSGSEND = YES;
				ENABLE_TESTABILITY = YES;
				GCC_C_LANGUAGE_STANDARD = gnu11;
				GCC_DYNAMIC_NO_PIC = NO;
				GCC_NO_COMMON_BLOCKS = YES;
				GCC_OPTIMIZATION_LEVEL = 0;
				GCC_PREPROCESSOR_DEFINITIONS = (
					"DEBUG=1",
					"$(inherited)",
				);
				GCC_WARN_64_TO_32_BIT_CONVERSION = YES;
				GCC_WARN_ABOUT_RETURN_TYPE = YES_ERROR;
				GCC_WARN_UNDECLARED_SELECTOR = YES;
				GCC_WARN_UNINITIALIZED_AUTOS = YES_AGGRESSIVE;
				GCC_WARN_UNUSED_FUNCTION = YES;
				GCC_WARN_UNUSED_VARIABLE = YES;
				IPHONEOS_DEPLOYMENT_TARGET = 16.0;
				MTL_ENABLE_DEBUG_INFO = INCLUDE_SOURCE;
				MTL_FAST_MATH = YES;
				ONLY_ACTIVE_ARCH = YES;
				SDKROOT = iphoneos;
				SWIFT_ACTIVE_COMPILATION_CONDITIONS = DEBUG;
				SWIFT_OPTIMIZATION_LEVEL = "-Onone";
			};
			name = Debug;
		};
		C3A72D5628BBE23100E2C368 /* Release */ = {
			isa = XCBuildConfiguration;
			buildSettings = {
				ALWAYS_SEARCH_USER_PATHS = NO;
				CLANG_ANALYZER_NONNULL = YES;
				CLANG_ANALYZER_NUMBER_OBJECT_CONVERSION = YES_AGGRESSIVE;
				CLANG_CXX_LANGUAGE_STANDARD = "gnu++20";
				CLANG_ENABLE_MODULES = YES;
				CLANG_ENABLE_OBJC_ARC = YES;
				CLANG_ENABLE_OBJC_WEAK = YES;
				CLANG_WARN_BLOCK_CAPTURE_AUTORELEASING = YES;
				CLANG_WARN_BOOL_CONVERSION = YES;
				CLANG_WARN_COMMA = YES;
				CLANG_WARN_CONSTANT_CONVERSION = YES;
				CLANG_WARN_DEPRECATED_OBJC_IMPLEMENTATIONS = YES;
				CLANG_WARN_DIRECT_OBJC_ISA_USAGE = YES_ERROR;
				CLANG_WARN_DOCUMENTATION_COMMENTS = YES;
				CLANG_WARN_EMPTY_BODY = YES;
				CLANG_WARN_ENUM_CONVERSION = YES;
				CLANG_WARN_INFINITE_RECURSION = YES;
				CLANG_WARN_INT_CONVERSION = YES;
				CLANG_WARN_NON_LITERAL_NULL_CONVERSION = YES;
				CLANG_WARN_OBJC_IMPLICIT_RETAIN_SELF = YES;
				CLANG_WARN_OBJC_LITERAL_CONVERSION = YES;
				CLANG_WARN_OBJC_ROOT_CLASS = YES_ERROR;
				CLANG_WARN_QUOTED_INCLUDE_IN_FRAMEWORK_HEADER = YES;
				CLANG_WARN_RANGE_LOOP_ANALYSIS = YES;
				CLANG_WARN_STRICT_PROTOTYPES = YES;
				CLANG_WARN_SUSPICIOUS_MOVE = YES;
				CLANG_WARN_UNGUARDED_AVAILABILITY = YES_AGGRESSIVE;
				CLANG_WARN_UNREACHABLE_CODE = YES;
				CLANG_WARN__DUPLICATE_METHOD_MATCH = YES;
				COPY_PHASE_STRIP = NO;
				DEBUG_INFORMATION_FORMAT = "dwarf-with-dsym";
				ENABLE_NS_ASSERTIONS = NO;
				ENABLE_STRICT_OBJC_MSGSEND = YES;
				GCC_C_LANGUAGE_STANDARD = gnu11;
				GCC_NO_COMMON_BLOCKS = YES;
				GCC_WARN_64_TO_32_BIT_CONVERSION = YES;
				GCC_WARN_ABOUT_RETURN_TYPE = YES_ERROR;
				GCC_WARN_UNDECLARED_SELECTOR = YES;
				GCC_WARN_UNINITIALIZED_AUTOS = YES_AGGRESSIVE;
				GCC_WARN_UNUSED_FUNCTION = YES;
				GCC_WARN_UNUSED_VARIABLE = YES;
				IPHONEOS_DEPLOYMENT_TARGET = 16.0;
				MTL_ENABLE_DEBUG_INFO = NO;
				MTL_FAST_MATH = YES;
				SDKROOT = iphoneos;
				SWIFT_COMPILATION_MODE = wholemodule;
				SWIFT_OPTIMIZATION_LEVEL = "-O";
				VALIDATE_PRODUCT = YES;
			};
			name = Release;
		};
		C3A72D5828BBE23100E2C368 /* Debug */ = {
			isa = XCBuildConfiguration;
			buildSettings = {
				ASSETCATALOG_COMPILER_APPICON_NAME = AppIcon;
				ASSETCATALOG_COMPILER_GLOBAL_ACCENT_COLOR_NAME = AccentColor;
				CODE_SIGN_STYLE = Automatic;
				CURRENT_PROJECT_VERSION = 1;
				DEVELOPMENT_ASSET_PATHS = "\"CurrencyConversion/Preview Content\"";
				DEVELOPMENT_TEAM = MA5BADG5AW;
				ENABLE_PREVIEWS = YES;
				GENERATE_INFOPLIST_FILE = YES;
				INFOPLIST_KEY_UIApplicationSceneManifest_Generation = YES;
				INFOPLIST_KEY_UIApplicationSupportsIndirectInputEvents = YES;
				INFOPLIST_KEY_UILaunchScreen_Generation = YES;
				INFOPLIST_KEY_UISupportedInterfaceOrientations_iPad = "UIInterfaceOrientationPortrait UIInterfaceOrientationPortraitUpsideDown UIInterfaceOrientationLandscapeLeft UIInterfaceOrientationLandscapeRight";
				INFOPLIST_KEY_UISupportedInterfaceOrientations_iPhone = "UIInterfaceOrientationPortrait UIInterfaceOrientationLandscapeLeft UIInterfaceOrientationLandscapeRight";
				LD_RUNPATH_SEARCH_PATHS = (
					"$(inherited)",
					"@executable_path/Frameworks",
				);
				MARKETING_VERSION = 1.0;
				PRODUCT_BUNDLE_IDENTIFIER = com.gazapps.CurrencyConversion;
				PRODUCT_NAME = "$(TARGET_NAME)";
				SWIFT_EMIT_LOC_STRINGS = YES;
				SWIFT_VERSION = 5.0;
				TARGETED_DEVICE_FAMILY = "1,2";
			};
			name = Debug;
		};
		C3A72D5928BBE23100E2C368 /* Release */ = {
			isa = XCBuildConfiguration;
			buildSettings = {
				ASSETCATALOG_COMPILER_APPICON_NAME = AppIcon;
				ASSETCATALOG_COMPILER_GLOBAL_ACCENT_COLOR_NAME = AccentColor;
				CODE_SIGN_STYLE = Automatic;
				CURRENT_PROJECT_VERSION = 1;
				DEVELOPMENT_ASSET_PATHS = "\"CurrencyConversion/Preview Content\"";
				DEVELOPMENT_TEAM = MA5BADG5AW;
				ENABLE_PREVIEWS = YES;
				GENERATE_INFOPLIST_FILE = YES;
				INFOPLIST_KEY_UIApplicationSceneManifest_Generation = YES;
				INFOPLIST_KEY_UIApplicationSupportsIndirectInputEvents = YES;
				INFOPLIST_KEY_UILaunchScreen_Generation = YES;
				INFOPLIST_KEY_UISupportedInterfaceOrientations_iPad = "UIInterfaceOrientationPortrait UIInterfaceOrientationPortraitUpsideDown UIInterfaceOrientationLandscapeLeft UIInterfaceOrientationLandscapeRight";
				INFOPLIST_KEY_UISupportedInterfaceOrientations_iPhone = "UIInterfaceOrientationPortrait UIInterfaceOrientationLandscapeLeft UIInterfaceOrientationLandscapeRight";
				LD_RUNPATH_SEARCH_PATHS = (
					"$(inherited)",
					"@executable_path/Frameworks",
				);
				MARKETING_VERSION = 1.0;
				PRODUCT_BUNDLE_IDENTIFIER = com.gazapps.CurrencyConversion;
				PRODUCT_NAME = "$(TARGET_NAME)";
				SWIFT_EMIT_LOC_STRINGS = YES;
				SWIFT_VERSION = 5.0;
				TARGETED_DEVICE_FAMILY = "1,2";
			};
			name = Release;
		};
/* End XCBuildConfiguration section */

/* Begin XCConfigurationList section */
		C3A72D4428BBE22D00E2C368 /* Build configuration list for PBXProject "CurrencyConversion" */ = {
			isa = XCConfigurationList;
			buildConfigurations = (
				C3A72D5528BBE23100E2C368 /* Debug */,
				C3A72D5628BBE23100E2C368 /* Release */,
			);
			defaultConfigurationIsVisible = 0;
			defaultConfigurationName = Release;
		};
		C3A72D5728BBE23100E2C368 /* Build configuration list for PBXNativeTarget "CurrencyConversion" */ = {
			isa = XCConfigurationList;
			buildConfigurations = (
				C3A72D5828BBE23100E2C368 /* Debug */,
				C3A72D5928BBE23100E2C368 /* Release */,
			);
			defaultConfigurationIsVisible = 0;
			defaultConfigurationName = Release;
		};
/* End XCConfigurationList section */
	};
	rootObject = C3A72D4128BBE22D00E2C368 /* Project object */;
}
